
Microsoft Visual Studio Solution File, Format Version 12.00
# Visual Studio Version 16
VisualStudioVersion = 16.0.30717.126
MinimumVisualStudioVersion = 10.0.40219.1
Project("{FAE04EC0-301F-11D3-BF4B-00C04F79EFBC}") = "LeaderEngine", "LeaderEngine\LeaderEngine.csproj", "{B13C7E5B-3D1C-4DC0-BE09-7E604267581A}"
EndProject
Project("{FAE04EC0-301F-11D3-BF4B-00C04F79EFBC}") = "TestProject", "TestProject\TestProject.csproj", "{CCE81667-4655-41D5-B808-5939959E8800}"
EndProject
Global
	GlobalSection(SolutionConfigurationPlatforms) = preSolution
		Debug|Any CPU = Debug|Any CPU
		Release|Any CPU = Release|Any CPU
	EndGlobalSection
	GlobalSection(ProjectConfigurationPlatforms) = postSolution
		{B13C7E5B-3D1C-4DC0-BE09-7E604267581A}.Debug|Any CPU.ActiveCfg = Debug|Any CPU
		{B13C7E5B-3D1C-4DC0-BE09-7E604267581A}.Debug|Any CPU.Build.0 = Debug|Any CPU
		{B13C7E5B-3D1C-4DC0-BE09-7E604267581A}.Release|Any CPU.ActiveCfg = Release|Any CPU
		{B13C7E5B-3D1C-4DC0-BE09-7E604267581A}.Release|Any CPU.Build.0 = Release|Any CPU
		{CCE81667-4655-41D5-B808-5939959E8800}.Debug|Any CPU.ActiveCfg = Debug|Any CPU
		{CCE81667-4655-41D5-B808-5939959E8800}.Debug|Any CPU.Build.0 = Debug|Any CPU
		{CCE81667-4655-41D5-B808-5939959E8800}.Release|Any CPU.ActiveCfg = Release|Any CPU
		{CCE81667-4655-41D5-B808-5939959E8800}.Release|Any CPU.Build.0 = Release|Any CPU
	EndGlobalSection
	GlobalSection(SolutionProperties) = preSolution
		HideSolutionNode = FALSE
	EndGlobalSection
	GlobalSection(ExtensibilityGlobals) = postSolution
		SolutionGuid = {FD25BAC4-4695-4DEC-98AB-2808A2F0A0BE}
	EndGlobalSection
EndGlobal
