<?xml version="1.0" encoding="utf-8"?>
<Project ToolsVersion="4.0" xmlns="http://schemas.microsoft.com/developer/msbuild/2003">
  <ItemGroup>
    <ClCompile Include="Main.cpp" />
    <ClCompile Include="LeaderEngine\Application.cpp" />
    <ClCompile Include="LeaderEngine\Types\GameObject.cpp" />
    <ClCompile Include="LeaderEngine\Types\VertexArray.cpp" />
  </ItemGroup>
  <ItemGroup>
    <ClInclude Include="LeaderEngine\Application.h" />
    <ClInclude Include="LeaderEngine\Types\Component.h" />
    <ClInclude Include="LeaderEngine\Types\GameObject.h" />
    <ClInclude Include="LeaderEngine\Time.h" />
    <ClInclude Include="LeaderEngine\Types\VertexArray.h" />
    <ClInclude Include="LeaderEngine\Types\Transform.h" />
  </ItemGroup>
</Project>